
Microsoft Visual Studio Solution File, Format Version 12.00
# Visual Studio Version 17
VisualStudioVersion = 17.5.002.0
MinimumVisualStudioVersion = 10.0.40219.1
Project("{9A19103F-16F7-4668-BE54-9A1E7A4F7556}") = "branches_and_loops", "branches_and_loops.csproj", "{C9B91770-0E60-4177-A5AD-E06384E2573D}"
EndProject
Global
	GlobalSection(SolutionConfigurationPlatforms) = preSolution
		Debug|Any CPU = Debug|Any CPU
		Release|Any CPU = Release|Any CPU
	EndGlobalSection
	GlobalSection(ProjectConfigurationPlatforms) = postSolution
		{C9B91770-0E60-4177-A5AD-E06384E2573D}.Debug|Any CPU.ActiveCfg = Debug|Any CPU
		{C9B91770-0E60-4177-A5AD-E06384E2573D}.Debug|Any CPU.Build.0 = Debug|Any CPU
		{C9B91770-0E60-4177-A5AD-E06384E2573D}.Release|Any CPU.ActiveCfg = Release|Any CPU
		{C9B91770-0E60-4177-A5AD-E06384E2573D}.Release|Any CPU.Build.0 = Release|Any CPU
	EndGlobalSection
	GlobalSection(SolutionProperties) = preSolution
		HideSolutionNode = FALSE
	EndGlobalSection
	GlobalSection(ExtensibilityGlobals) = postSolution
		SolutionGuid = {2C1B8422-676E-404C-B053-F9D7FE31150F}
	EndGlobalSection
EndGlobal
